// !$*UTF8*$!
{
	archiveVersion = 1;
	classes = {
	};
	objectVersion = 50;
	objects = {

/* Begin PBXBuildFile section */
		D9EEDBF62653F4EB00C47741 /* AppDelegate.m in Sources */ = {isa = PBXBuildFile; fileRef = D9EEDBF52653F4EB00C47741 /* AppDelegate.m */; };
		D9EEDBF92653F4EB00C47741 /* SceneDelegate.m in Sources */ = {isa = PBXBuildFile; fileRef = D9EEDBF82653F4EB00C47741 /* SceneDelegate.m */; };
		D9EEDBFC2653F4EB00C47741 /* ViewController.m in Sources */ = {isa = PBXBuildFile; fileRef = D9EEDBFB2653F4EB00C47741 /* ViewController.m */; };
		D9EEDBFF2653F4EB00C47741 /* Main.storyboard in Resources */ = {isa = PBXBuildFile; fileRef = D9EEDBFD2653F4EB00C47741 /* Main.storyboard */; };
		D9EEDC012653F4EF00C47741 /* Assets.xcassets in Resources */ = {isa = PBXBuildFile; fileRef = D9EEDC002653F4EF00C47741 /* Assets.xcassets */; };
		D9EEDC042653F4EF00C47741 /* LaunchScreen.storyboard in Resources */ = {isa = PBXBuildFile; fileRef = D9EEDC022653F4EF00C47741 /* LaunchScreen.storyboard */; };
		D9EEDC072653F4EF00C47741 /* main.m in Sources */ = {isa = PBXBuildFile; fileRef = D9EEDC062653F4EF00C47741 /* main.m */; };
		D9EEDC122653F92000C47741 /* ImageProcessing.m in Sources */ = {isa = PBXBuildFile; fileRef = D9EEDC112653F92000C47741 /* ImageProcessing.m */; };
/* End PBXBuildFile section */

/* Begin PBXFileReference section */
		D9EEDBF12653F4EB00C47741 /* ImageProcessing.app */ = {isa = PBXFileReference; explicitFileType = wrapper.application; includeInIndex = 0; path = ImageProcessing.app; sourceTree = BUILT_PRODUCTS_DIR; };
		D9EEDBF42653F4EB00C47741 /* AppDelegate.h */ = {isa = PBXFileReference; lastKnownFileType = sourcecode.c.h; path = AppDelegate.h; sourceTree = "<group>"; };
		D9EEDBF52653F4EB00C47741 /* AppDelegate.m */ = {isa = PBXFileReference; lastKnownFileType = sourcecode.c.objc; path = AppDelegate.m; sourceTree = "<group>"; };
		D9EEDBF72653F4EB00C47741 /* SceneDelegate.h */ = {isa = PBXFileReference; lastKnownFileType = sourcecode.c.h; path = SceneDelegate.h; sourceTree = "<group>"; };
		D9EEDBF82653F4EB00C47741 /* SceneDelegate.m */ = {isa = PBXFileReference; lastKnownFileType = sourcecode.c.objc; path = SceneDelegate.m; sourceTree = "<group>"; };
		D9EEDBFA2653F4EB00C47741 /* ViewController.h */ = {isa = PBXFileReference; lastKnownFileType = sourcecode.c.h; path = ViewController.h; sourceTree = "<group>"; };
		D9EEDBFB2653F4EB00C47741 /* ViewController.m */ = {isa = PBXFileReference; lastKnownFileType = sourcecode.c.objc; path = ViewController.m; sourceTree = "<group>"; };
		D9EEDBFE2653F4EB00C47741 /* Base */ = {isa = PBXFileReference; lastKnownFileType = file.storyboard; name = Base; path = Base.lproj/Main.storyboard; sourceTree = "<group>"; };
		D9EEDC002653F4EF00C47741 /* Assets.xcassets */ = {isa = PBXFileReference; lastKnownFileType = folder.assetcatalog; path = Assets.xcassets; sourceTree = "<group>"; };
		D9EEDC032653F4EF00C47741 /* Base */ = {isa = PBXFileReference; lastKnownFileType = file.storyboard; name = Base; path = Base.lproj/LaunchScreen.storyboard; sourceTree = "<group>"; };
		D9EEDC052653F4EF00C47741 /* Info.plist */ = {isa = PBXFileReference; lastKnownFileType = text.plist.xml; path = Info.plist; sourceTree = "<group>"; };
		D9EEDC062653F4EF00C47741 /* main.m */ = {isa = PBXFileReference; lastKnownFileType = sourcecode.c.objc; path = main.m; sourceTree = "<group>"; };
		D9EEDC102653F92000C47741 /* ImageProcessing.h */ = {isa = PBXFileReference; lastKnownFileType = sourcecode.c.h; path = ImageProcessing.h; sourceTree = "<group>"; };
		D9EEDC112653F92000C47741 /* ImageProcessing.m */ = {isa = PBXFileReference; lastKnownFileType = sourcecode.c.objc; path = ImageProcessing.m; sourceTree = "<group>"; };
/* End PBXFileReference section */

/* Begin PBXFrameworksBuildPhase section */
		D9EEDBEE2653F4EB00C47741 /* Frameworks */ = {
			isa = PBXFrameworksBuildPhase;
			buildActionMask = 2147483647;
			files = (
			);
			runOnlyForDeploymentPostprocessing = 0;
		};
/* End PBXFrameworksBuildPhase section */

/* Begin PBXGroup section */
		D9EEDBE82653F4EB00C47741 = {
			isa = PBXGroup;
			children = (
				D9EEDBF32653F4EB00C47741 /* ImageProcessing */,
				D9EEDBF22653F4EB00C47741 /* Products */,
			);
			sourceTree = "<group>";
		};
		D9EEDBF22653F4EB00C47741 /* Products */ = {
			isa = PBXGroup;
			children = (
				D9EEDBF12653F4EB00C47741 /* ImageProcessing.app */,
			);
			name = Products;
			sourceTree = "<group>";
		};
		D9EEDBF32653F4EB00C47741 /* ImageProcessing */ = {
			isa = PBXGroup;
			children = (
				D9EEDC0F2653F90E00C47741 /* Processing */,
				D9EEDC0E2653F90100C47741 /* View */,
				D9EEDC0D2653F8F800C47741 /* App */,
				D9EEDC002653F4EF00C47741 /* Assets.xcassets */,
				D9EEDC022653F4EF00C47741 /* LaunchScreen.storyboard */,
				D9EEDC052653F4EF00C47741 /* Info.plist */,
			);
			path = ImageProcessing;
			sourceTree = "<group>";
		};
		D9EEDC0D2653F8F800C47741 /* App */ = {
			isa = PBXGroup;
			children = (
				D9EEDC062653F4EF00C47741 /* main.m */,
				D9EEDBF42653F4EB00C47741 /* AppDelegate.h */,
				D9EEDBF52653F4EB00C47741 /* AppDelegate.m */,
				D9EEDBF72653F4EB00C47741 /* SceneDelegate.h */,
				D9EEDBF82653F4EB00C47741 /* SceneDelegate.m */,
			);
			path = App;
			sourceTree = "<group>";
		};
		D9EEDC0E2653F90100C47741 /* View */ = {
			isa = PBXGroup;
			children = (
				D9EEDBFA2653F4EB00C47741 /* ViewController.h */,
				D9EEDBFB2653F4EB00C47741 /* ViewController.m */,
				D9EEDBFD2653F4EB00C47741 /* Main.storyboard */,
			);
			path = View;
			sourceTree = "<group>";
		};
		D9EEDC0F2653F90E00C47741 /* Processing */ = {
			isa = PBXGroup;
			children = (
				D9EEDC102653F92000C47741 /* ImageProcessing.h */,
				D9EEDC112653F92000C47741 /* ImageProcessing.m */,
			);
			path = Processing;
			sourceTree = "<group>";
		};
/* End PBXGroup section */

/* Begin PBXNativeTarget section */
		D9EEDBF02653F4EB00C47741 /* ImageProcessing */ = {
			isa = PBXNativeTarget;
			buildConfigurationList = D9EEDC0A2653F4EF00C47741 /* Build configuration list for PBXNativeTarget "ImageProcessing" */;
			buildPhases = (
				D9EEDBED2653F4EB00C47741 /* Sources */,
				D9EEDBEE2653F4EB00C47741 /* Frameworks */,
				D9EEDBEF2653F4EB00C47741 /* Resources */,
			);
			buildRules = (
			);
			dependencies = (
			);
			name = ImageProcessing;
			productName = ImageProcessing;
			productReference = D9EEDBF12653F4EB00C47741 /* ImageProcessing.app */;
			productType = "com.apple.product-type.application";
		};
/* End PBXNativeTarget section */

/* Begin PBXProject section */
		D9EEDBE92653F4EB00C47741 /* Project object */ = {
			isa = PBXProject;
			attributes = {
				LastUpgradeCheck = 1250;
				TargetAttributes = {
					D9EEDBF02653F4EB00C47741 = {
						CreatedOnToolsVersion = 12.5;
					};
				};
			};
			buildConfigurationList = D9EEDBEC2653F4EB00C47741 /* Build configuration list for PBXProject "ImageProcessing" */;
			compatibilityVersion = "Xcode 9.3";
			developmentRegion = en;
			hasScannedForEncodings = 0;
			knownRegions = (
				en,
				Base,
			);
			mainGroup = D9EEDBE82653F4EB00C47741;
			productRefGroup = D9EEDBF22653F4EB00C47741 /* Products */;
			projectDirPath = "";
			projectRoot = "";
			targets = (
				D9EEDBF02653F4EB00C47741 /* ImageProcessing */,
			);
		};
/* End PBXProject section */

/* Begin PBXResourcesBuildPhase section */
		D9EEDBEF2653F4EB00C47741 /* Resources */ = {
			isa = PBXResourcesBuildPhase;
			buildActionMask = 2147483647;
			files = (
				D9EEDC042653F4EF00C47741 /* LaunchScreen.storyboard in Resources */,
				D9EEDC012653F4EF00C47741 /* Assets.xcassets in Resources */,
				D9EEDBFF2653F4EB00C47741 /* Main.storyboard in Resources */,
			);
			runOnlyForDeploymentPostprocessing = 0;
		};
/* End PBXResourcesBuildPhase section */

/* Begin PBXSourcesBuildPhase section */
		D9EEDBED2653F4EB00C47741 /* Sources */ = {
			isa = PBXSourcesBuildPhase;
			buildActionMask = 2147483647;
			files = (
				D9EEDBFC2653F4EB00C47741 /* ViewController.m in Sources */,
				D9EEDC122653F92000C47741 /* ImageProcessing.m in Sources */,
				D9EEDBF62653F4EB00C47741 /* AppDelegate.m in Sources */,
				D9EEDC072653F4EF00C47741 /* main.m in Sources */,
				D9EEDBF92653F4EB00C47741 /* SceneDelegate.m in Sources */,
			);
			runOnlyForDeploymentPostprocessing = 0;
		};
/* End PBXSourcesBuildPhase section */

/* Begin PBXVariantGroup section */
		D9EEDBFD2653F4EB00C47741 /* Main.storyboard */ = {
			isa = PBXVariantGroup;
			children = (
				D9EEDBFE2653F4EB00C47741 /* Base */,
			);
			name = Main.storyboard;
			sourceTree = "<group>";
		};
		D9EEDC022653F4EF00C47741 /* LaunchScreen.storyboard */ = {
			isa = PBXVariantGroup;
			children = (
				D9EEDC032653F4EF00C47741 /* Base */,
			);
			name = LaunchScreen.storyboard;
			sourceTree = "<group>";
		};
/* End PBXVariantGroup section */

/* Begin XCBuildConfiguration section */
		D9EEDC082653F4EF00C47741 /* Debug */ = {
			isa = XCBuildConfiguration;
			buildSettings = {
				ALWAYS_SEARCH_USER_PATHS = NO;
				CLANG_ANALYZER_NONNULL = YES;
				CLANG_ANALYZER_NUMBER_OBJECT_CONVERSION = YES_AGGRESSIVE;
				CLANG_CXX_LANGUAGE_STANDARD = "gnu++14";
				CLANG_CXX_LIBRARY = "libc++";
				CLANG_ENABLE_MODULES = YES;
				CLANG_ENABLE_OBJC_ARC = YES;
				CLANG_ENABLE_OBJC_WEAK = YES;
				CLANG_WARN_BLOCK_CAPTURE_AUTORELEASING = YES;
				CLANG_WARN_BOOL_CONVERSION = YES;
				CLANG_WARN_COMMA = YES;
				CLANG_WARN_CONSTANT_CONVERSION = YES;
				CLANG_WARN_DEPRECATED_OBJC_IMPLEMENTATIONS = YES;
				CLANG_WARN_DIRECT_OBJC_ISA_USAGE = YES_ERROR;
				CLANG_WARN_DOCUMENTATION_COMMENTS = YES;
				CLANG_WARN_EMPTY_BODY = YES;
				CLANG_WARN_ENUM_CONVERSION = YES;
				CLANG_WARN_INFINITE_RECURSION = YES;
				CLANG_WARN_INT_CONVERSION = YES;
				CLANG_WARN_NON_LITERAL_NULL_CONVERSION = YES;
				CLANG_WARN_OBJC_IMPLICIT_RETAIN_SELF = YES;
				CLANG_WARN_OBJC_LITERAL_CONVERSION = YES;
				CLANG_WARN_OBJC_ROOT_CLASS = YES_ERROR;
				CLANG_WARN_QUOTED_INCLUDE_IN_FRAMEWORK_HEADER = YES;
				CLANG_WARN_RANGE_LOOP_ANALYSIS = YES;
				CLANG_WARN_STRICT_PROTOTYPES = YES;
				CLANG_WARN_SUSPICIOUS_MOVE = YES;
				CLANG_WARN_UNGUARDED_AVAILABILITY = YES_AGGRESSIVE;
				CLANG_WARN_UNREACHABLE_CODE = YES;
				CLANG_WARN__DUPLICATE_METHOD_MATCH = YES;
				COPY_PHASE_STRIP = NO;
				DEBUG_INFORMATION_FORMAT = dwarf;
				ENABLE_STRICT_OBJC_MSGSEND = YES;
				ENABLE_TESTABILITY = YES;
				GCC_C_LANGUAGE_STANDARD = gnu11;
				GCC_DYNAMIC_NO_PIC = NO;
				GCC_NO_COMMON_BLOCKS = YES;
				GCC_OPTIMIZATION_LEVEL = 0;
				GCC_PREPROCESSOR_DEFINITIONS = (
					"DEBUG=1",
					"$(inherited)",
				);
				GCC_WARN_64_TO_32_BIT_CONVERSION = YES;
				GCC_WARN_ABOUT_RETURN_TYPE = YES_ERROR;
				GCC_WARN_UNDECLARED_SELECTOR = YES;
				GCC_WARN_UNINITIALIZED_AUTOS = YES_AGGRESSIVE;
				GCC_WARN_UNUSED_FUNCTION = YES;
				GCC_WARN_UNUSED_VARIABLE = YES;
				IPHONEOS_DEPLOYMENT_TARGET = 13.0;
				MTL_ENABLE_DEBUG_INFO = INCLUDE_SOURCE;
				MTL_FAST_MATH = YES;
				ONLY_ACTIVE_ARCH = YES;
				SDKROOT = iphoneos;
			};
			name = Debug;
		};
		D9EEDC092653F4EF00C47741 /* Release */ = {
			isa = XCBuildConfiguration;
			buildSettings = {
				ALWAYS_SEARCH_USER_PATHS = NO;
				CLANG_ANALYZER_NONNULL = YES;
				CLANG_ANALYZER_NUMBER_OBJECT_CONVERSION = YES_AGGRESSIVE;
				CLANG_CXX_LANGUAGE_STANDARD = "gnu++14";
				CLANG_CXX_LIBRARY = "libc++";
				CLANG_ENABLE_MODULES = YES;
				CLANG_ENABLE_OBJC_ARC = YES;
				CLANG_ENABLE_OBJC_WEAK = YES;
				CLANG_WARN_BLOCK_CAPTURE_AUTORELEASING = YES;
				CLANG_WARN_BOOL_CONVERSION = YES;
				CLANG_WARN_COMMA = YES;
				CLANG_WARN_CONSTANT_CONVERSION = YES;
				CLANG_WARN_DEPRECATED_OBJC_IMPLEMENTATIONS = YES;
				CLANG_WARN_DIRECT_OBJC_ISA_USAGE = YES_ERROR;
				CLANG_WARN_DOCUMENTATION_COMMENTS = YES;
				CLANG_WARN_EMPTY_BODY = YES;
				CLANG_WARN_ENUM_CONVERSION = YES;
				CLANG_WARN_INFINITE_RECURSION = YES;
				CLANG_WARN_INT_CONVERSION = YES;
				CLANG_WARN_NON_LITERAL_NULL_CONVERSION = YES;
				CLANG_WARN_OBJC_IMPLICIT_RETAIN_SELF = YES;
				CLANG_WARN_OBJC_LITERAL_CONVERSION = YES;
				CLANG_WARN_OBJC_ROOT_CLASS = YES_ERROR;
				CLANG_WARN_QUOTED_INCLUDE_IN_FRAMEWORK_HEADER = YES;
				CLANG_WARN_RANGE_LOOP_ANALYSIS = YES;
				CLANG_WARN_STRICT_PROTOTYPES = YES;
				CLANG_WARN_SUSPICIOUS_MOVE = YES;
				CLANG_WARN_UNGUARDED_AVAILABILITY = YES_AGGRESSIVE;
				CLANG_WARN_UNREACHABLE_CODE = YES;
				CLANG_WARN__DUPLICATE_METHOD_MATCH = YES;
				COPY_PHASE_STRIP = NO;
				DEBUG_INFORMATION_FORMAT = "dwarf-with-dsym";
				ENABLE_NS_ASSERTIONS = NO;
				ENABLE_STRICT_OBJC_MSGSEND = YES;
				GCC_C_LANGUAGE_STANDARD = gnu11;
				GCC_NO_COMMON_BLOCKS = YES;
				GCC_WARN_64_TO_32_BIT_CONVERSION = YES;
				GCC_WARN_ABOUT_RETURN_TYPE = YES_ERROR;
				GCC_WARN_UNDECLARED_SELECTOR = YES;
				GCC_WARN_UNINITIALIZED_AUTOS = YES_AGGRESSIVE;
				GCC_WARN_UNUSED_FUNCTION = YES;
				GCC_WARN_UNUSED_VARIABLE = YES;
				IPHONEOS_DEPLOYMENT_TARGET = 13.0;
				MTL_ENABLE_DEBUG_INFO = NO;
				MTL_FAST_MATH = YES;
				SDKROOT = iphoneos;
				VALIDATE_PRODUCT = YES;
			};
			name = Release;
		};
		D9EEDC0B2653F4EF00C47741 /* Debug */ = {
			isa = XCBuildConfiguration;
			buildSettings = {
				ASSETCATALOG_COMPILER_APPICON_NAME = AppIcon;
				ASSETCATALOG_COMPILER_GLOBAL_ACCENT_COLOR_NAME = AccentColor;
				CODE_SIGN_STYLE = Automatic;
				DEVELOPMENT_TEAM = C2JSJLJ4FN;
				INFOPLIST_FILE = ImageProcessing/Info.plist;
				LD_RUNPATH_SEARCH_PATHS = (
					"$(inherited)",
					"@executable_path/Frameworks",
				);
				PRODUCT_BUNDLE_IDENTIFIER = com.jeonggo.ImageProcessing;
				PRODUCT_NAME = "$(TARGET_NAME)";
				TARGETED_DEVICE_FAMILY = "1,2";
			};
			name = Debug;
		};
		D9EEDC0C2653F4EF00C47741 /* Release */ = {
			isa = XCBuildConfiguration;
			buildSettings = {
				ASSETCATALOG_COMPILER_APPICON_NAME = AppIcon;
				ASSETCATALOG_COMPILER_GLOBAL_ACCENT_COLOR_NAME = AccentColor;
				CODE_SIGN_STYLE = Automatic;
				DEVELOPMENT_TEAM = C2JSJLJ4FN;
				INFOPLIST_FILE = ImageProcessing/Info.plist;
				LD_RUNPATH_SEARCH_PATHS = (
					"$(inherited)",
					"@executable_path/Frameworks",
				);
				PRODUCT_BUNDLE_IDENTIFIER = com.jeonggo.ImageProcessing;
				PRODUCT_NAME = "$(TARGET_NAME)";
				TARGETED_DEVICE_FAMILY = "1,2";
			};
			name = Release;
		};
/* End XCBuildConfiguration section */

/* Begin XCConfigurationList section */
		D9EEDBEC2653F4EB00C47741 /* Build configuration list for PBXProject "ImageProcessing" */ = {
			isa = XCConfigurationList;
			buildConfigurations = (
				D9EEDC082653F4EF00C47741 /* Debug */,
				D9EEDC092653F4EF00C47741 /* Release */,
			);
			defaultConfigurationIsVisible = 0;
			defaultConfigurationName = Release;
		};
		D9EEDC0A2653F4EF00C47741 /* Build configuration list for PBXNativeTarget "ImageProcessing" */ = {
			isa = XCConfigurationList;
			buildConfigurations = (
				D9EEDC0B2653F4EF00C47741 /* Debug */,
				D9EEDC0C2653F4EF00C47741 /* Release */,
			);
			defaultConfigurationIsVisible = 0;
			defaultConfigurationName = Release;
		};
/* End XCConfigurationList section */
	};
	rootObject = D9EEDBE92653F4EB00C47741 /* Project object */;
}
